{
  "name": "@continuedev/config-types",
  "version": "1.0.11",
  "lockfileVersion": 3,
  "requires": true,
  "packages": {
    "": {
      "name": "@continuedev/config-types",
      "version": "1.0.11",
      "license": "Apache-2.0",
      "dependencies": {
        "zod": "^3.25.71"
      },
      "devDependencies": {
        "typescript": "^5.5.2"
      }
    },
    "node_modules/typescript": {
      "version": "5.5.2",
      "resolved": "https://registry.npmjs.org/typescript/-/typescript-5.5.2.tgz",
      "integrity": "sha512-NcRtPEOsPFFWjobJEtfihkLCZCXZt/os3zf8nTxjVH3RvTSxjrCamJpbExGvYOF+tFHc3pA65qpdwPbzjohhew==",
      "dev": true,
      "bin": {
        "tsc": "bin/tsc",
        "tsserver": "bin/tsserver"
      },
      "engines": {
        "node": ">=14.17"
      }
    },
    "node_modules/zod": {
      "version": "3.25.71",
      "resolved": "https://registry.npmjs.org/zod/-/zod-3.25.71.tgz",
      "integrity": "sha512-BsBc/NPk7h8WsUWYWYL+BajcJPY8YhjelaWu2NMLuzgraKAz4Lb4/6K11g9jpuDetjMiqhZ6YaexFLOC0Ogi3Q==",
      "license": "MIT",
      "funding": {
        "url": "https://github.com/sponsors/colinhacks"
      }
    }
  }
}
